
Microsoft Visual Studio Solution File, Format Version 12.00
# Visual Studio Version 17
VisualStudioVersion = 17.4.33205.214
MinimumVisualStudioVersion = 10.0.40219.1
Project("{9A19103F-16F7-4668-BE54-9A1E7A4F7556}") = "Apps.Utilities", "Utilities\Apps.Utilities.csproj", "{0224E2B7-0282-41B9-A67D-B7C849DEFA1C}"
EndProject
Project("{9A19103F-16F7-4668-BE54-9A1E7A4F7556}") = "ConsoleApp1", "ConsoleApp1\ConsoleApp1.csproj", "{5A4D9EBA-AA9D-4CCF-8238-1B871B4330F8}"
EndProject
Global
	GlobalSection(SolutionConfigurationPlatforms) = preSolution
		Debug|Any CPU = Debug|Any CPU
		Release|Any CPU = Release|Any CPU
	EndGlobalSection
	GlobalSection(ProjectConfigurationPlatforms) = postSolution
		{0224E2B7-0282-41B9-A67D-B7C849DEFA1C}.Debug|Any CPU.ActiveCfg = Debug|Any CPU
		{0224E2B7-0282-41B9-A67D-B7C849DEFA1C}.Debug|Any CPU.Build.0 = Debug|Any CPU
		{0224E2B7-0282-41B9-A67D-B7C849DEFA1C}.Release|Any CPU.ActiveCfg = Release|Any CPU
		{0224E2B7-0282-41B9-A67D-B7C849DEFA1C}.Release|Any CPU.Build.0 = Release|Any CPU
		{5A4D9EBA-AA9D-4CCF-8238-1B871B4330F8}.Debug|Any CPU.ActiveCfg = Debug|Any CPU
		{5A4D9EBA-AA9D-4CCF-8238-1B871B4330F8}.Debug|Any CPU.Build.0 = Debug|Any CPU
		{5A4D9EBA-AA9D-4CCF-8238-1B871B4330F8}.Release|Any CPU.ActiveCfg = Release|Any CPU
		{5A4D9EBA-AA9D-4CCF-8238-1B871B4330F8}.Release|Any CPU.Build.0 = Release|Any CPU
	EndGlobalSection
	GlobalSection(SolutionProperties) = preSolution
		HideSolutionNode = FALSE
	EndGlobalSection
	GlobalSection(ExtensibilityGlobals) = postSolution
		SolutionGuid = {4B5E545B-181A-4DEB-932F-85034B1DC624}
	EndGlobalSection
EndGlobal
